// !$*UTF8*$!
{
	archiveVersion = 1;
	classes = {
	};
	objectVersion = 46;
	objects = {

/* Begin PBXBuildFile section */
		FA31A81719D9F5CC0019EA33 /* AppDelegate.swift in Sources */ = {isa = PBXBuildFile; fileRef = FA31A81619D9F5CC0019EA33 /* AppDelegate.swift */; };
		FA31A81919D9F5CC0019EA33 /* ViewController.swift in Sources */ = {isa = PBXBuildFile; fileRef = FA31A81819D9F5CC0019EA33 /* ViewController.swift */; };
		FA31A81C19D9F5CC0019EA33 /* Main.storyboard in Resources */ = {isa = PBXBuildFile; fileRef = FA31A81A19D9F5CC0019EA33 /* Main.storyboard */; };
		FA31A81E19D9F5CC0019EA33 /* Images.xcassets in Resources */ = {isa = PBXBuildFile; fileRef = FA31A81D19D9F5CC0019EA33 /* Images.xcassets */; };
		FA31A82119D9F5CC0019EA33 /* LaunchScreen.xib in Resources */ = {isa = PBXBuildFile; fileRef = FA31A81F19D9F5CC0019EA33 /* LaunchScreen.xib */; };
		FA31A82D19D9F5CC0019EA33 /* PostcardTests.swift in Sources */ = {isa = PBXBuildFile; fileRef = FA31A82C19D9F5CC0019EA33 /* PostcardTests.swift */; };
/* End PBXBuildFile section */

/* Begin PBXContainerItemProxy section */
		FA31A82719D9F5CC0019EA33 /* PBXContainerItemProxy */ = {
			isa = PBXContainerItemProxy;
			containerPortal = FA31A80919D9F5CC0019EA33 /* Project object */;
			proxyType = 1;
			remoteGlobalIDString = FA31A81019D9F5CC0019EA33;
			remoteInfo = Postcard;
		};
/* End PBXContainerItemProxy section */

/* Begin PBXFileReference section */
		FA31A81119D9F5CC0019EA33 /* Postcard.app */ = {isa = PBXFileReference; explicitFileType = wrapper.application; includeInIndex = 0; path = Postcard.app; sourceTree = BUILT_PRODUCTS_DIR; };
		FA31A81519D9F5CC0019EA33 /* Info.plist */ = {isa = PBXFileReference; lastKnownFileType = text.plist.xml; path = Info.plist; sourceTree = "<group>"; };
		FA31A81619D9F5CC0019EA33 /* AppDelegate.swift */ = {isa = PBXFileReference; lastKnownFileType = sourcecode.swift; path = AppDelegate.swift; sourceTree = "<group>"; };
		FA31A81819D9F5CC0019EA33 /* ViewController.swift */ = {isa = PBXFileReference; lastKnownFileType = sourcecode.swift; path = ViewController.swift; sourceTree = "<group>"; };
		FA31A81B19D9F5CC0019EA33 /* Base */ = {isa = PBXFileReference; lastKnownFileType = file.storyboard; name = Base; path = Base.lproj/Main.storyboard; sourceTree = "<group>"; };
		FA31A81D19D9F5CC0019EA33 /* Images.xcassets */ = {isa = PBXFileReference; lastKnownFileType = folder.assetcatalog; path = Images.xcassets; sourceTree = "<group>"; };
		FA31A82019D9F5CC0019EA33 /* Base */ = {isa = PBXFileReference; lastKnownFileType = file.xib; name = Base; path = Base.lproj/LaunchScreen.xib; sourceTree = "<group>"; };
		FA31A82619D9F5CC0019EA33 /* PostcardTests.xctest */ = {isa = PBXFileReference; explicitFileType = wrapper.cfbundle; includeInIndex = 0; path = PostcardTests.xctest; sourceTree = BUILT_PRODUCTS_DIR; };
		FA31A82B19D9F5CC0019EA33 /* Info.plist */ = {isa = PBXFileReference; lastKnownFileType = text.plist.xml; path = Info.plist; sourceTree = "<group>"; };
		FA31A82C19D9F5CC0019EA33 /* PostcardTests.swift */ = {isa = PBXFileReference; lastKnownFileType = sourcecode.swift; path = PostcardTests.swift; sourceTree = "<group>"; };
/* End PBXFileReference section */

/* Begin PBXFrameworksBuildPhase section */
		FA31A80E19D9F5CC0019EA33 /* Frameworks */ = {
			isa = PBXFrameworksBuildPhase;
			buildActionMask = 2147483647;
			files = (
			);
			runOnlyForDeploymentPostprocessing = 0;
		};
		FA31A82319D9F5CC0019EA33 /* Frameworks */ = {
			isa = PBXFrameworksBuildPhase;
			buildActionMask = 2147483647;
			files = (
			);
			runOnlyForDeploymentPostprocessing = 0;
		};
/* End PBXFrameworksBuildPhase section */

/* Begin PBXGroup section */
		FA31A80819D9F5CC0019EA33 = {
			isa = PBXGroup;
			children = (
				FA31A81319D9F5CC0019EA33 /* Postcard */,
				FA31A82919D9F5CC0019EA33 /* PostcardTests */,
				FA31A81219D9F5CC0019EA33 /* Products */,
			);
			sourceTree = "<group>";
		};
		FA31A81219D9F5CC0019EA33 /* Products */ = {
			isa = PBXGroup;
			children = (
				FA31A81119D9F5CC0019EA33 /* Postcard.app */,
				FA31A82619D9F5CC0019EA33 /* PostcardTests.xctest */,
			);
			name = Products;
			sourceTree = "<group>";
		};
		FA31A81319D9F5CC0019EA33 /* Postcard */ = {
			isa = PBXGroup;
			children = (
				FA31A81619D9F5CC0019EA33 /* AppDelegate.swift */,
				FA31A81819D9F5CC0019EA33 /* ViewController.swift */,
				FA31A81A19D9F5CC0019EA33 /* Main.storyboard */,
				FA31A81D19D9F5CC0019EA33 /* Images.xcassets */,
				FA31A81F19D9F5CC0019EA33 /* LaunchScreen.xib */,
				FA31A81419D9F5CC0019EA33 /* Supporting Files */,
			);
			path = Postcard;
			sourceTree = "<group>";
		};
		FA31A81419D9F5CC0019EA33 /* Supporting Files */ = {
			isa = PBXGroup;
			children = (
				FA31A81519D9F5CC0019EA33 /* Info.plist */,
			);
			name = "Supporting Files";
			sourceTree = "<group>";
		};
		FA31A82919D9F5CC0019EA33 /* PostcardTests */ = {
			isa = PBXGroup;
			children = (
				FA31A82C19D9F5CC0019EA33 /* PostcardTests.swift */,
				FA31A82A19D9F5CC0019EA33 /* Supporting Files */,
			);
			path = PostcardTests;
			sourceTree = "<group>";
		};
		FA31A82A19D9F5CC0019EA33 /* Supporting Files */ = {
			isa = PBXGroup;
			children = (
				FA31A82B19D9F5CC0019EA33 /* Info.plist */,
			);
			name = "Supporting Files";
			sourceTree = "<group>";
		};
/* End PBXGroup section */

/* Begin PBXNativeTarget section */
		FA31A81019D9F5CC0019EA33 /* Postcard */ = {
			isa = PBXNativeTarget;
			buildConfigurationList = FA31A83019D9F5CC0019EA33 /* Build configuration list for PBXNativeTarget "Postcard" */;
			buildPhases = (
				FA31A80D19D9F5CC0019EA33 /* Sources */,
				FA31A80E19D9F5CC0019EA33 /* Frameworks */,
				FA31A80F19D9F5CC0019EA33 /* Resources */,
			);
			buildRules = (
			);
			dependencies = (
			);
			name = Postcard;
			productName = Postcard;
			productReference = FA31A81119D9F5CC0019EA33 /* Postcard.app */;
			productType = "com.apple.product-type.application";
		};
		FA31A82519D9F5CC0019EA33 /* PostcardTests */ = {
			isa = PBXNativeTarget;
			buildConfigurationList = FA31A83319D9F5CC0019EA33 /* Build configuration list for PBXNativeTarget "PostcardTests" */;
			buildPhases = (
				FA31A82219D9F5CC0019EA33 /* Sources */,
				FA31A82319D9F5CC0019EA33 /* Frameworks */,
				FA31A82419D9F5CC0019EA33 /* Resources */,
			);
			buildRules = (
			);
			dependencies = (
				FA31A82819D9F5CC0019EA33 /* PBXTargetDependency */,
			);
			name = PostcardTests;
			productName = PostcardTests;
			productReference = FA31A82619D9F5CC0019EA33 /* PostcardTests.xctest */;
			productType = "com.apple.product-type.bundle.unit-test";
		};
/* End PBXNativeTarget section */

/* Begin PBXProject section */
		FA31A80919D9F5CC0019EA33 /* Project object */ = {
			isa = PBXProject;
			attributes = {
				LastUpgradeCheck = 0600;
				ORGANIZATIONNAME = "Evan Lee";
				TargetAttributes = {
					FA31A81019D9F5CC0019EA33 = {
						CreatedOnToolsVersion = 6.0.1;
					};
					FA31A82519D9F5CC0019EA33 = {
						CreatedOnToolsVersion = 6.0.1;
						TestTargetID = FA31A81019D9F5CC0019EA33;
					};
				};
			};
			buildConfigurationList = FA31A80C19D9F5CC0019EA33 /* Build configuration list for PBXProject "Postcard" */;
			compatibilityVersion = "Xcode 3.2";
			developmentRegion = English;
			hasScannedForEncodings = 0;
			knownRegions = (
				en,
				Base,
			);
			mainGroup = FA31A80819D9F5CC0019EA33;
			productRefGroup = FA31A81219D9F5CC0019EA33 /* Products */;
			projectDirPath = "";
			projectRoot = "";
			targets = (
				FA31A81019D9F5CC0019EA33 /* Postcard */,
				FA31A82519D9F5CC0019EA33 /* PostcardTests */,
			);
		};
/* End PBXProject section */

/* Begin PBXResourcesBuildPhase section */
		FA31A80F19D9F5CC0019EA33 /* Resources */ = {
			isa = PBXResourcesBuildPhase;
			buildActionMask = 2147483647;
			files = (
				FA31A81C19D9F5CC0019EA33 /* Main.storyboard in Resources */,
				FA31A82119D9F5CC0019EA33 /* LaunchScreen.xib in Resources */,
				FA31A81E19D9F5CC0019EA33 /* Images.xcassets in Resources */,
			);
			runOnlyForDeploymentPostprocessing = 0;
		};
		FA31A82419D9F5CC0019EA33 /* Resources */ = {
			isa = PBXResourcesBuildPhase;
			buildActionMask = 2147483647;
			files = (
			);
			runOnlyForDeploymentPostprocessing = 0;
		};
/* End PBXResourcesBuildPhase section */

/* Begin PBXSourcesBuildPhase section */
		FA31A80D19D9F5CC0019EA33 /* Sources */ = {
			isa = PBXSourcesBuildPhase;
			buildActionMask = 2147483647;
			files = (
				FA31A81919D9F5CC0019EA33 /* ViewController.swift in Sources */,
				FA31A81719D9F5CC0019EA33 /* AppDelegate.swift in Sources */,
			);
			runOnlyForDeploymentPostprocessing = 0;
		};
		FA31A82219D9F5CC0019EA33 /* Sources */ = {
			isa = PBXSourcesBuildPhase;
			buildActionMask = 2147483647;
			files = (
				FA31A82D19D9F5CC0019EA33 /* PostcardTests.swift in Sources */,
			);
			runOnlyForDeploymentPostprocessing = 0;
		};
/* End PBXSourcesBuildPhase section */

/* Begin PBXTargetDependency section */
		FA31A82819D9F5CC0019EA33 /* PBXTargetDependency */ = {
			isa = PBXTargetDependency;
			target = FA31A81019D9F5CC0019EA33 /* Postcard */;
			targetProxy = FA31A82719D9F5CC0019EA33 /* PBXContainerItemProxy */;
		};
/* End PBXTargetDependency section */

/* Begin PBXVariantGroup section */
		FA31A81A19D9F5CC0019EA33 /* Main.storyboard */ = {
			isa = PBXVariantGroup;
			children = (
				FA31A81B19D9F5CC0019EA33 /* Base */,
			);
			name = Main.storyboard;
			sourceTree = "<group>";
		};
		FA31A81F19D9F5CC0019EA33 /* LaunchScreen.xib */ = {
			isa = PBXVariantGroup;
			children = (
				FA31A82019D9F5CC0019EA33 /* Base */,
			);
			name = LaunchScreen.xib;
			sourceTree = "<group>";
		};
/* End PBXVariantGroup section */

/* Begin XCBuildConfiguration section */
		FA31A82E19D9F5CC0019EA33 /* Debug */ = {
			isa = XCBuildConfiguration;
			buildSettings = {
				ALWAYS_SEARCH_USER_PATHS = NO;
				CLANG_CXX_LANGUAGE_STANDARD = "gnu++0x";
				CLANG_CXX_LIBRARY = "libc++";
				CLANG_ENABLE_MODULES = YES;
				CLANG_ENABLE_OBJC_ARC = YES;
				CLANG_WARN_BOOL_CONVERSION = YES;
				CLANG_WARN_CONSTANT_CONVERSION = YES;
				CLANG_WARN_DIRECT_OBJC_ISA_USAGE = YES_ERROR;
				CLANG_WARN_EMPTY_BODY = YES;
				CLANG_WARN_ENUM_CONVERSION = YES;
				CLANG_WARN_INT_CONVERSION = YES;
				CLANG_WARN_OBJC_ROOT_CLASS = YES_ERROR;
				CLANG_WARN_UNREACHABLE_CODE = YES;
				CLANG_WARN__DUPLICATE_METHOD_MATCH = YES;
				"CODE_SIGN_IDENTITY[sdk=iphoneos*]" = "iPhone Developer";
				COPY_PHASE_STRIP = NO;
				ENABLE_STRICT_OBJC_MSGSEND = YES;
				GCC_C_LANGUAGE_STANDARD = gnu99;
				GCC_DYNAMIC_NO_PIC = NO;
				GCC_OPTIMIZATION_LEVEL = 0;
				GCC_PREPROCESSOR_DEFINITIONS = (
					"DEBUG=1",
					"$(inherited)",
				);
				GCC_SYMBOLS_PRIVATE_EXTERN = NO;
				GCC_WARN_64_TO_32_BIT_CONVERSION = YES;
				GCC_WARN_ABOUT_RETURN_TYPE = YES_ERROR;
				GCC_WARN_UNDECLARED_SELECTOR = YES;
				GCC_WARN_UNINITIALIZED_AUTOS = YES_AGGRESSIVE;
				GCC_WARN_UNUSED_FUNCTION = YES;
				GCC_WARN_UNUSED_VARIABLE = YES;
				IPHONEOS_DEPLOYMENT_TARGET = 8.0;
				MTL_ENABLE_DEBUG_INFO = YES;
				ONLY_ACTIVE_ARCH = YES;
				SDKROOT = iphoneos;
				SWIFT_OPTIMIZATION_LEVEL = "-Onone";
			};
			name = Debug;
		};
		FA31A82F19D9F5CC0019EA33 /* Release */ = {
			isa = XCBuildConfiguration;
			buildSettings = {
				ALWAYS_SEARCH_USER_PATHS = NO;
				CLANG_CXX_LANGUAGE_STANDARD = "gnu++0x";
				CLANG_CXX_LIBRARY = "libc++";
				CLANG_ENABLE_MODULES = YES;
				CLANG_ENABLE_OBJC_ARC = YES;
				CLANG_WARN_BOOL_CONVERSION = YES;
				CLANG_WARN_CONSTANT_CONVERSION = YES;
				CLANG_WARN_DIRECT_OBJC_ISA_USAGE = YES_ERROR;
				CLANG_WARN_EMPTY_BODY = YES;
				CLANG_WARN_ENUM_CONVERSION = YES;
				CLANG_WARN_INT_CONVERSION = YES;
				CLANG_WARN_OBJC_ROOT_CLASS = YES_ERROR;
				CLANG_WARN_UNREACHABLE_CODE = YES;
				CLANG_WARN__DUPLICATE_METHOD_MATCH = YES;
				"CODE_SIGN_IDENTITY[sdk=iphoneos*]" = "iPhone Developer";
				COPY_PHASE_STRIP = YES;
				ENABLE_NS_ASSERTIONS = NO;
				ENABLE_STRICT_OBJC_MSGSEND = YES;
				GCC_C_LANGUAGE_STANDARD = gnu99;
				GCC_WARN_64_TO_32_BIT_CONVERSION = YES;
				GCC_WARN_ABOUT_RETURN_TYPE = YES_ERROR;
				GCC_WARN_UNDECLARED_SELECTOR = YES;
				GCC_WARN_UNINITIALIZED_AUTOS = YES_AGGRESSIVE;
				GCC_WARN_UNUSED_FUNCTION = YES;
				GCC_WARN_UNUSED_VARIABLE = YES;
				IPHONEOS_DEPLOYMENT_TARGET = 8.0;
				MTL_ENABLE_DEBUG_INFO = NO;
				SDKROOT = iphoneos;
				VALIDATE_PRODUCT = YES;
			};
			name = Release;
		};
		FA31A83119D9F5CC0019EA33 /* Debug */ = {
			isa = XCBuildConfiguration;
			buildSettings = {
				ASSETCATALOG_COMPILER_APPICON_NAME = AppIcon;
				INFOPLIST_FILE = Postcard/Info.plist;
				LD_RUNPATH_SEARCH_PATHS = "$(inherited) @executable_path/Frameworks";
				PRODUCT_NAME = "$(TARGET_NAME)";
			};
			name = Debug;
		};
		FA31A83219D9F5CC0019EA33 /* Release */ = {
			isa = XCBuildConfiguration;
			buildSettings = {
				ASSETCATALOG_COMPILER_APPICON_NAME = AppIcon;
				INFOPLIST_FILE = Postcard/Info.plist;
				LD_RUNPATH_SEARCH_PATHS = "$(inherited) @executable_path/Frameworks";
				PRODUCT_NAME = "$(TARGET_NAME)";
			};
			name = Release;
		};
		FA31A83419D9F5CC0019EA33 /* Debug */ = {
			isa = XCBuildConfiguration;
			buildSettings = {
				BUNDLE_LOADER = "$(TEST_HOST)";
				FRAMEWORK_SEARCH_PATHS = (
					"$(SDKROOT)/Developer/Library/Frameworks",
					"$(inherited)",
				);
				GCC_PREPROCESSOR_DEFINITIONS = (
					"DEBUG=1",
					"$(inherited)",
				);
				INFOPLIST_FILE = PostcardTests/Info.plist;
				LD_RUNPATH_SEARCH_PATHS = "$(inherited) @executable_path/Frameworks @loader_path/Frameworks";
				PRODUCT_NAME = "$(TARGET_NAME)";
				TEST_HOST = "$(BUILT_PRODUCTS_DIR)/Postcard.app/Postcard";
			};
			name = Debug;
		};
		FA31A83519D9F5CC0019EA33 /* Release */ = {
			isa = XCBuildConfiguration;
			buildSettings = {
				BUNDLE_LOADER = "$(TEST_HOST)";
				FRAMEWORK_SEARCH_PATHS = (
					"$(SDKROOT)/Developer/Library/Frameworks",
					"$(inherited)",
				);
				INFOPLIST_FILE = PostcardTests/Info.plist;
				LD_RUNPATH_SEARCH_PATHS = "$(inherited) @executable_path/Frameworks @loader_path/Frameworks";
				PRODUCT_NAME = "$(TARGET_NAME)";
				TEST_HOST = "$(BUILT_PRODUCTS_DIR)/Postcard.app/Postcard";
			};
			name = Release;
		};
/* End XCBuildConfiguration section */

/* Begin XCConfigurationList section */
		FA31A80C19D9F5CC0019EA33 /* Build configuration list for PBXProject "Postcard" */ = {
			isa = XCConfigurationList;
			buildConfigurations = (
				FA31A82E19D9F5CC0019EA33 /* Debug */,
				FA31A82F19D9F5CC0019EA33 /* Release */,
			);
			defaultConfigurationIsVisible = 0;
			defaultConfigurationName = Release;
		};
		FA31A83019D9F5CC0019EA33 /* Build configuration list for PBXNativeTarget "Postcard" */ = {
			isa = XCConfigurationList;
			buildConfigurations = (
				FA31A83119D9F5CC0019EA33 /* Debug */,
				FA31A83219D9F5CC0019EA33 /* Release */,
			);
			defaultConfigurationIsVisible = 0;
		};
		FA31A83319D9F5CC0019EA33 /* Build configuration list for PBXNativeTarget "PostcardTests" */ = {
			isa = XCConfigurationList;
			buildConfigurations = (
				FA31A83419D9F5CC0019EA33 /* Debug */,
				FA31A83519D9F5CC0019EA33 /* Release */,
			);
			defaultConfigurationIsVisible = 0;
		};
/* End XCConfigurationList section */
	};
	rootObject = FA31A80919D9F5CC0019EA33 /* Project object */;
}
